// !$*UTF8*$!
{
	archiveVersion = 1;
	classes = {
	};
	objectVersion = 46;
	objects = {

/* Begin PBXBuildFile section */
		A6E0B1681D5978A40035F6FB /* AppDelegate.swift in Sources */ = {isa = PBXBuildFile; fileRef = A6E0B1671D5978A40035F6FB /* AppDelegate.swift */; };
		A6E0B16A1D5978A40035F6FB /* ViewController.swift in Sources */ = {isa = PBXBuildFile; fileRef = A6E0B1691D5978A40035F6FB /* ViewController.swift */; };
		A6E0B16D1D5978A40035F6FB /* Main.storyboard in Resources */ = {isa = PBXBuildFile; fileRef = A6E0B16B1D5978A40035F6FB /* Main.storyboard */; };
		A6E0B1701D5978A40035F6FB /* VRPuzzle.xcdatamodeld in Sources */ = {isa = PBXBuildFile; fileRef = A6E0B16E1D5978A40035F6FB /* VRPuzzle.xcdatamodeld */; };
		A6E0B1721D5978A40035F6FB /* Assets.xcassets in Resources */ = {isa = PBXBuildFile; fileRef = A6E0B1711D5978A40035F6FB /* Assets.xcassets */; };
		A6E0B1751D5978A40035F6FB /* LaunchScreen.storyboard in Resources */ = {isa = PBXBuildFile; fileRef = A6E0B1731D5978A40035F6FB /* LaunchScreen.storyboard */; };
		A6E0B1801D5978A40035F6FB /* VRPuzzleTests.swift in Sources */ = {isa = PBXBuildFile; fileRef = A6E0B17F1D5978A40035F6FB /* VRPuzzleTests.swift */; };
		A6E0B18B1D5978A40035F6FB /* VRPuzzleUITests.swift in Sources */ = {isa = PBXBuildFile; fileRef = A6E0B18A1D5978A40035F6FB /* VRPuzzleUITests.swift */; };
/* End PBXBuildFile section */

/* Begin PBXContainerItemProxy section */
		A6E0B17C1D5978A40035F6FB /* PBXContainerItemProxy */ = {
			isa = PBXContainerItemProxy;
			containerPortal = A6E0B15C1D5978A30035F6FB /* Project object */;
			proxyType = 1;
			remoteGlobalIDString = A6E0B1631D5978A30035F6FB;
			remoteInfo = VRPuzzle;
		};
		A6E0B1871D5978A40035F6FB /* PBXContainerItemProxy */ = {
			isa = PBXContainerItemProxy;
			containerPortal = A6E0B15C1D5978A30035F6FB /* Project object */;
			proxyType = 1;
			remoteGlobalIDString = A6E0B1631D5978A30035F6FB;
			remoteInfo = VRPuzzle;
		};
/* End PBXContainerItemProxy section */

/* Begin PBXFileReference section */
		A6E0B1641D5978A30035F6FB /* VRPuzzle.app */ = {isa = PBXFileReference; explicitFileType = wrapper.application; includeInIndex = 0; path = VRPuzzle.app; sourceTree = BUILT_PRODUCTS_DIR; };
		A6E0B1671D5978A40035F6FB /* AppDelegate.swift */ = {isa = PBXFileReference; lastKnownFileType = sourcecode.swift; path = AppDelegate.swift; sourceTree = "<group>"; };
		A6E0B1691D5978A40035F6FB /* ViewController.swift */ = {isa = PBXFileReference; lastKnownFileType = sourcecode.swift; path = ViewController.swift; sourceTree = "<group>"; };
		A6E0B16C1D5978A40035F6FB /* Base */ = {isa = PBXFileReference; lastKnownFileType = file.storyboard; name = Base; path = Base.lproj/Main.storyboard; sourceTree = "<group>"; };
		A6E0B16F1D5978A40035F6FB /* VRPuzzle.xcdatamodel */ = {isa = PBXFileReference; lastKnownFileType = wrapper.xcdatamodel; path = VRPuzzle.xcdatamodel; sourceTree = "<group>"; };
		A6E0B1711D5978A40035F6FB /* Assets.xcassets */ = {isa = PBXFileReference; lastKnownFileType = folder.assetcatalog; path = Assets.xcassets; sourceTree = "<group>"; };
		A6E0B1741D5978A40035F6FB /* Base */ = {isa = PBXFileReference; lastKnownFileType = file.storyboard; name = Base; path = Base.lproj/LaunchScreen.storyboard; sourceTree = "<group>"; };
		A6E0B1761D5978A40035F6FB /* Info.plist */ = {isa = PBXFileReference; lastKnownFileType = text.plist.xml; path = Info.plist; sourceTree = "<group>"; };
		A6E0B17B1D5978A40035F6FB /* VRPuzzleTests.xctest */ = {isa = PBXFileReference; explicitFileType = wrapper.cfbundle; includeInIndex = 0; path = VRPuzzleTests.xctest; sourceTree = BUILT_PRODUCTS_DIR; };
		A6E0B17F1D5978A40035F6FB /* VRPuzzleTests.swift */ = {isa = PBXFileReference; lastKnownFileType = sourcecode.swift; path = VRPuzzleTests.swift; sourceTree = "<group>"; };
		A6E0B1811D5978A40035F6FB /* Info.plist */ = {isa = PBXFileReference; lastKnownFileType = text.plist.xml; path = Info.plist; sourceTree = "<group>"; };
		A6E0B1861D5978A40035F6FB /* VRPuzzleUITests.xctest */ = {isa = PBXFileReference; explicitFileType = wrapper.cfbundle; includeInIndex = 0; path = VRPuzzleUITests.xctest; sourceTree = BUILT_PRODUCTS_DIR; };
		A6E0B18A1D5978A40035F6FB /* VRPuzzleUITests.swift */ = {isa = PBXFileReference; lastKnownFileType = sourcecode.swift; path = VRPuzzleUITests.swift; sourceTree = "<group>"; };
		A6E0B18C1D5978A40035F6FB /* Info.plist */ = {isa = PBXFileReference; lastKnownFileType = text.plist.xml; path = Info.plist; sourceTree = "<group>"; };
/* End PBXFileReference section */

/* Begin PBXFrameworksBuildPhase section */
		A6E0B1611D5978A30035F6FB /* Frameworks */ = {
			isa = PBXFrameworksBuildPhase;
			buildActionMask = 2147483647;
			files = (
			);
			runOnlyForDeploymentPostprocessing = 0;
		};
		A6E0B1781D5978A40035F6FB /* Frameworks */ = {
			isa = PBXFrameworksBuildPhase;
			buildActionMask = 2147483647;
			files = (
			);
			runOnlyForDeploymentPostprocessing = 0;
		};
		A6E0B1831D5978A40035F6FB /* Frameworks */ = {
			isa = PBXFrameworksBuildPhase;
			buildActionMask = 2147483647;
			files = (
			);
			runOnlyForDeploymentPostprocessing = 0;
		};
/* End PBXFrameworksBuildPhase section */

/* Begin PBXGroup section */
		A6E0B15B1D5978A30035F6FB = {
			isa = PBXGroup;
			children = (
				A6E0B1661D5978A40035F6FB /* VRPuzzle */,
				A6E0B17E1D5978A40035F6FB /* VRPuzzleTests */,
				A6E0B1891D5978A40035F6FB /* VRPuzzleUITests */,
				A6E0B1651D5978A30035F6FB /* Products */,
			);
			sourceTree = "<group>";
		};
		A6E0B1651D5978A30035F6FB /* Products */ = {
			isa = PBXGroup;
			children = (
				A6E0B1641D5978A30035F6FB /* VRPuzzle.app */,
				A6E0B17B1D5978A40035F6FB /* VRPuzzleTests.xctest */,
				A6E0B1861D5978A40035F6FB /* VRPuzzleUITests.xctest */,
			);
			name = Products;
			sourceTree = "<group>";
		};
		A6E0B1661D5978A40035F6FB /* VRPuzzle */ = {
			isa = PBXGroup;
			children = (
				A6E0B1671D5978A40035F6FB /* AppDelegate.swift */,
				A6E0B1691D5978A40035F6FB /* ViewController.swift */,
				A6E0B16B1D5978A40035F6FB /* Main.storyboard */,
				A6E0B1711D5978A40035F6FB /* Assets.xcassets */,
				A6E0B1731D5978A40035F6FB /* LaunchScreen.storyboard */,
				A6E0B1761D5978A40035F6FB /* Info.plist */,
				A6E0B16E1D5978A40035F6FB /* VRPuzzle.xcdatamodeld */,
			);
			path = VRPuzzle;
			sourceTree = "<group>";
		};
		A6E0B17E1D5978A40035F6FB /* VRPuzzleTests */ = {
			isa = PBXGroup;
			children = (
				A6E0B17F1D5978A40035F6FB /* VRPuzzleTests.swift */,
				A6E0B1811D5978A40035F6FB /* Info.plist */,
			);
			path = VRPuzzleTests;
			sourceTree = "<group>";
		};
		A6E0B1891D5978A40035F6FB /* VRPuzzleUITests */ = {
			isa = PBXGroup;
			children = (
				A6E0B18A1D5978A40035F6FB /* VRPuzzleUITests.swift */,
				A6E0B18C1D5978A40035F6FB /* Info.plist */,
			);
			path = VRPuzzleUITests;
			sourceTree = "<group>";
		};
/* End PBXGroup section */

/* Begin PBXNativeTarget section */
		A6E0B1631D5978A30035F6FB /* VRPuzzle */ = {
			isa = PBXNativeTarget;
			buildConfigurationList = A6E0B18F1D5978A40035F6FB /* Build configuration list for PBXNativeTarget "VRPuzzle" */;
			buildPhases = (
				A6E0B1601D5978A30035F6FB /* Sources */,
				A6E0B1611D5978A30035F6FB /* Frameworks */,
				A6E0B1621D5978A30035F6FB /* Resources */,
			);
			buildRules = (
			);
			dependencies = (
			);
			name = VRPuzzle;
			productName = VRPuzzle;
			productReference = A6E0B1641D5978A30035F6FB /* VRPuzzle.app */;
			productType = "com.apple.product-type.application";
		};
		A6E0B17A1D5978A40035F6FB /* VRPuzzleTests */ = {
			isa = PBXNativeTarget;
			buildConfigurationList = A6E0B1921D5978A40035F6FB /* Build configuration list for PBXNativeTarget "VRPuzzleTests" */;
			buildPhases = (
				A6E0B1771D5978A40035F6FB /* Sources */,
				A6E0B1781D5978A40035F6FB /* Frameworks */,
				A6E0B1791D5978A40035F6FB /* Resources */,
			);
			buildRules = (
			);
			dependencies = (
				A6E0B17D1D5978A40035F6FB /* PBXTargetDependency */,
			);
			name = VRPuzzleTests;
			productName = VRPuzzleTests;
			productReference = A6E0B17B1D5978A40035F6FB /* VRPuzzleTests.xctest */;
			productType = "com.apple.product-type.bundle.unit-test";
		};
		A6E0B1851D5978A40035F6FB /* VRPuzzleUITests */ = {
			isa = PBXNativeTarget;
			buildConfigurationList = A6E0B1951D5978A40035F6FB /* Build configuration list for PBXNativeTarget "VRPuzzleUITests" */;
			buildPhases = (
				A6E0B1821D5978A40035F6FB /* Sources */,
				A6E0B1831D5978A40035F6FB /* Frameworks */,
				A6E0B1841D5978A40035F6FB /* Resources */,
			);
			buildRules = (
			);
			dependencies = (
				A6E0B1881D5978A40035F6FB /* PBXTargetDependency */,
			);
			name = VRPuzzleUITests;
			productName = VRPuzzleUITests;
			productReference = A6E0B1861D5978A40035F6FB /* VRPuzzleUITests.xctest */;
			productType = "com.apple.product-type.bundle.ui-testing";
		};
/* End PBXNativeTarget section */

/* Begin PBXProject section */
		A6E0B15C1D5978A30035F6FB /* Project object */ = {
			isa = PBXProject;
			attributes = {
				LastSwiftUpdateCheck = 0730;
				LastUpgradeCheck = 0730;
				ORGANIZATIONNAME = AshGoneMAD;
				TargetAttributes = {
					A6E0B1631D5978A30035F6FB = {
						CreatedOnToolsVersion = 7.3;
					};
					A6E0B17A1D5978A40035F6FB = {
						CreatedOnToolsVersion = 7.3;
						TestTargetID = A6E0B1631D5978A30035F6FB;
					};
					A6E0B1851D5978A40035F6FB = {
						CreatedOnToolsVersion = 7.3;
						TestTargetID = A6E0B1631D5978A30035F6FB;
					};
				};
			};
			buildConfigurationList = A6E0B15F1D5978A30035F6FB /* Build configuration list for PBXProject "VRPuzzle" */;
			compatibilityVersion = "Xcode 3.2";
			developmentRegion = English;
			hasScannedForEncodings = 0;
			knownRegions = (
				en,
				Base,
			);
			mainGroup = A6E0B15B1D5978A30035F6FB;
			productRefGroup = A6E0B1651D5978A30035F6FB /* Products */;
			projectDirPath = "";
			projectRoot = "";
			targets = (
				A6E0B1631D5978A30035F6FB /* VRPuzzle */,
				A6E0B17A1D5978A40035F6FB /* VRPuzzleTests */,
				A6E0B1851D5978A40035F6FB /* VRPuzzleUITests */,
			);
		};
/* End PBXProject section */

/* Begin PBXResourcesBuildPhase section */
		A6E0B1621D5978A30035F6FB /* Resources */ = {
			isa = PBXResourcesBuildPhase;
			buildActionMask = 2147483647;
			files = (
				A6E0B1751D5978A40035F6FB /* LaunchScreen.storyboard in Resources */,
				A6E0B1721D5978A40035F6FB /* Assets.xcassets in Resources */,
				A6E0B16D1D5978A40035F6FB /* Main.storyboard in Resources */,
			);
			runOnlyForDeploymentPostprocessing = 0;
		};
		A6E0B1791D5978A40035F6FB /* Resources */ = {
			isa = PBXResourcesBuildPhase;
			buildActionMask = 2147483647;
			files = (
			);
			runOnlyForDeploymentPostprocessing = 0;
		};
		A6E0B1841D5978A40035F6FB /* Resources */ = {
			isa = PBXResourcesBuildPhase;
			buildActionMask = 2147483647;
			files = (
			);
			runOnlyForDeploymentPostprocessing = 0;
		};
/* End PBXResourcesBuildPhase section */

/* Begin PBXSourcesBuildPhase section */
		A6E0B1601D5978A30035F6FB /* Sources */ = {
			isa = PBXSourcesBuildPhase;
			buildActionMask = 2147483647;
			files = (
				A6E0B1701D5978A40035F6FB /* VRPuzzle.xcdatamodeld in Sources */,
				A6E0B16A1D5978A40035F6FB /* ViewController.swift in Sources */,
				A6E0B1681D5978A40035F6FB /* AppDelegate.swift in Sources */,
			);
			runOnlyForDeploymentPostprocessing = 0;
		};
		A6E0B1771D5978A40035F6FB /* Sources */ = {
			isa = PBXSourcesBuildPhase;
			buildActionMask = 2147483647;
			files = (
				A6E0B1801D5978A40035F6FB /* VRPuzzleTests.swift in Sources */,
			);
			runOnlyForDeploymentPostprocessing = 0;
		};
		A6E0B1821D5978A40035F6FB /* Sources */ = {
			isa = PBXSourcesBuildPhase;
			buildActionMask = 2147483647;
			files = (
				A6E0B18B1D5978A40035F6FB /* VRPuzzleUITests.swift in Sources */,
			);
			runOnlyForDeploymentPostprocessing = 0;
		};
/* End PBXSourcesBuildPhase section */

/* Begin PBXTargetDependency section */
		A6E0B17D1D5978A40035F6FB /* PBXTargetDependency */ = {
			isa = PBXTargetDependency;
			target = A6E0B1631D5978A30035F6FB /* VRPuzzle */;
			targetProxy = A6E0B17C1D5978A40035F6FB /* PBXContainerItemProxy */;
		};
		A6E0B1881D5978A40035F6FB /* PBXTargetDependency */ = {
			isa = PBXTargetDependency;
			target = A6E0B1631D5978A30035F6FB /* VRPuzzle */;
			targetProxy = A6E0B1871D5978A40035F6FB /* PBXContainerItemProxy */;
		};
/* End PBXTargetDependency section */

/* Begin PBXVariantGroup section */
		A6E0B16B1D5978A40035F6FB /* Main.storyboard */ = {
			isa = PBXVariantGroup;
			children = (
				A6E0B16C1D5978A40035F6FB /* Base */,
			);
			name = Main.storyboard;
			sourceTree = "<group>";
		};
		A6E0B1731D5978A40035F6FB /* LaunchScreen.storyboard */ = {
			isa = PBXVariantGroup;
			children = (
				A6E0B1741D5978A40035F6FB /* Base */,
			);
			name = LaunchScreen.storyboard;
			sourceTree = "<group>";
		};
/* End PBXVariantGroup section */

/* Begin XCBuildConfiguration section */
		A6E0B18D1D5978A40035F6FB /* Debug */ = {
			isa = XCBuildConfiguration;
			buildSettings = {
				ALWAYS_SEARCH_USER_PATHS = NO;
				CLANG_ANALYZER_NONNULL = YES;
				CLANG_CXX_LANGUAGE_STANDARD = "gnu++0x";
				CLANG_CXX_LIBRARY = "libc++";
				CLANG_ENABLE_MODULES = YES;
				CLANG_ENABLE_OBJC_ARC = YES;
				CLANG_WARN_BOOL_CONVERSION = YES;
				CLANG_WARN_CONSTANT_CONVERSION = YES;
				CLANG_WARN_DIRECT_OBJC_ISA_USAGE = YES_ERROR;
				CLANG_WARN_EMPTY_BODY = YES;
				CLANG_WARN_ENUM_CONVERSION = YES;
				CLANG_WARN_INT_CONVERSION = YES;
				CLANG_WARN_OBJC_ROOT_CLASS = YES_ERROR;
				CLANG_WARN_UNREACHABLE_CODE = YES;
				CLANG_WARN__DUPLICATE_METHOD_MATCH = YES;
				"CODE_SIGN_IDENTITY[sdk=iphoneos*]" = "iPhone Developer";
				COPY_PHASE_STRIP = NO;
				DEBUG_INFORMATION_FORMAT = dwarf;
				ENABLE_STRICT_OBJC_MSGSEND = YES;
				ENABLE_TESTABILITY = YES;
				GCC_C_LANGUAGE_STANDARD = gnu99;
				GCC_DYNAMIC_NO_PIC = NO;
				GCC_NO_COMMON_BLOCKS = YES;
				GCC_OPTIMIZATION_LEVEL = 0;
				GCC_PREPROCESSOR_DEFINITIONS = (
					"DEBUG=1",
					"$(inherited)",
				);
				GCC_WARN_64_TO_32_BIT_CONVERSION = YES;
				GCC_WARN_ABOUT_RETURN_TYPE = YES_ERROR;
				GCC_WARN_UNDECLARED_SELECTOR = YES;
				GCC_WARN_UNINITIALIZED_AUTOS = YES_AGGRESSIVE;
				GCC_WARN_UNUSED_FUNCTION = YES;
				GCC_WARN_UNUSED_VARIABLE = YES;
				IPHONEOS_DEPLOYMENT_TARGET = 9.3;
				MTL_ENABLE_DEBUG_INFO = YES;
				ONLY_ACTIVE_ARCH = YES;
				SDKROOT = iphoneos;
				SWIFT_OPTIMIZATION_LEVEL = "-Onone";
				TARGETED_DEVICE_FAMILY = "1,2";
			};
			name = Debug;
		};
		A6E0B18E1D5978A40035F6FB /* Release */ = {
			isa = XCBuildConfiguration;
			buildSettings = {
				ALWAYS_SEARCH_USER_PATHS = NO;
				CLANG_ANALYZER_NONNULL = YES;
				CLANG_CXX_LANGUAGE_STANDARD = "gnu++0x";
				CLANG_CXX_LIBRARY = "libc++";
				CLANG_ENABLE_MODULES = YES;
				CLANG_ENABLE_OBJC_ARC = YES;
				CLANG_WARN_BOOL_CONVERSION = YES;
				CLANG_WARN_CONSTANT_CONVERSION = YES;
				CLANG_WARN_DIRECT_OBJC_ISA_USAGE = YES_ERROR;
				CLANG_WARN_EMPTY_BODY = YES;
				CLANG_WARN_ENUM_CONVERSION = YES;
				CLANG_WARN_INT_CONVERSION = YES;
				CLANG_WARN_OBJC_ROOT_CLASS = YES_ERROR;
				CLANG_WARN_UNREACHABLE_CODE = YES;
				CLANG_WARN__DUPLICATE_METHOD_MATCH = YES;
				"CODE_SIGN_IDENTITY[sdk=iphoneos*]" = "iPhone Developer";
				COPY_PHASE_STRIP = NO;
				DEBUG_INFORMATION_FORMAT = "dwarf-with-dsym";
				ENABLE_NS_ASSERTIONS = NO;
				ENABLE_STRICT_OBJC_MSGSEND = YES;
				GCC_C_LANGUAGE_STANDARD = gnu99;
				GCC_NO_COMMON_BLOCKS = YES;
				GCC_WARN_64_TO_32_BIT_CONVERSION = YES;
				GCC_WARN_ABOUT_RETURN_TYPE = YES_ERROR;
				GCC_WARN_UNDECLARED_SELECTOR = YES;
				GCC_WARN_UNINITIALIZED_AUTOS = YES_AGGRESSIVE;
				GCC_WARN_UNUSED_FUNCTION = YES;
				GCC_WARN_UNUSED_VARIABLE = YES;
				IPHONEOS_DEPLOYMENT_TARGET = 9.3;
				MTL_ENABLE_DEBUG_INFO = NO;
				SDKROOT = iphoneos;
				TARGETED_DEVICE_FAMILY = "1,2";
				VALIDATE_PRODUCT = YES;
			};
			name = Release;
		};
		A6E0B1901D5978A40035F6FB /* Debug */ = {
			isa = XCBuildConfiguration;
			buildSettings = {
				ASSETCATALOG_COMPILER_APPICON_NAME = AppIcon;
				INFOPLIST_FILE = VRPuzzle/Info.plist;
				LD_RUNPATH_SEARCH_PATHS = "$(inherited) @executable_path/Frameworks";
				PRODUCT_BUNDLE_IDENTIFIER = com.AshGoneMAD.VRPuzzle;
				PRODUCT_NAME = "$(TARGET_NAME)";
			};
			name = Debug;
		};
		A6E0B1911D5978A40035F6FB /* Release */ = {
			isa = XCBuildConfiguration;
			buildSettings = {
				ASSETCATALOG_COMPILER_APPICON_NAME = AppIcon;
				INFOPLIST_FILE = VRPuzzle/Info.plist;
				LD_RUNPATH_SEARCH_PATHS = "$(inherited) @executable_path/Frameworks";
				PRODUCT_BUNDLE_IDENTIFIER = com.AshGoneMAD.VRPuzzle;
				PRODUCT_NAME = "$(TARGET_NAME)";
			};
			name = Release;
		};
		A6E0B1931D5978A40035F6FB /* Debug */ = {
			isa = XCBuildConfiguration;
			buildSettings = {
				BUNDLE_LOADER = "$(TEST_HOST)";
				INFOPLIST_FILE = VRPuzzleTests/Info.plist;
				LD_RUNPATH_SEARCH_PATHS = "$(inherited) @executable_path/Frameworks @loader_path/Frameworks";
				PRODUCT_BUNDLE_IDENTIFIER = com.AshGoneMAD.VRPuzzleTests;
				PRODUCT_NAME = "$(TARGET_NAME)";
				TEST_HOST = "$(BUILT_PRODUCTS_DIR)/VRPuzzle.app/VRPuzzle";
			};
			name = Debug;
		};
		A6E0B1941D5978A40035F6FB /* Release */ = {
			isa = XCBuildConfiguration;
			buildSettings = {
				BUNDLE_LOADER = "$(TEST_HOST)";
				INFOPLIST_FILE = VRPuzzleTests/Info.plist;
				LD_RUNPATH_SEARCH_PATHS = "$(inherited) @executable_path/Frameworks @loader_path/Frameworks";
				PRODUCT_BUNDLE_IDENTIFIER = com.AshGoneMAD.VRPuzzleTests;
				PRODUCT_NAME = "$(TARGET_NAME)";
				TEST_HOST = "$(BUILT_PRODUCTS_DIR)/VRPuzzle.app/VRPuzzle";
			};
			name = Release;
		};
		A6E0B1961D5978A40035F6FB /* Debug */ = {
			isa = XCBuildConfiguration;
			buildSettings = {
				INFOPLIST_FILE = VRPuzzleUITests/Info.plist;
				LD_RUNPATH_SEARCH_PATHS = "$(inherited) @executable_path/Frameworks @loader_path/Frameworks";
				PRODUCT_BUNDLE_IDENTIFIER = com.AshGoneMAD.VRPuzzleUITests;
				PRODUCT_NAME = "$(TARGET_NAME)";
				TEST_TARGET_NAME = VRPuzzle;
			};
			name = Debug;
		};
		A6E0B1971D5978A40035F6FB /* Release */ = {
			isa = XCBuildConfiguration;
			buildSettings = {
				INFOPLIST_FILE = VRPuzzleUITests/Info.plist;
				LD_RUNPATH_SEARCH_PATHS = "$(inherited) @executable_path/Frameworks @loader_path/Frameworks";
				PRODUCT_BUNDLE_IDENTIFIER = com.AshGoneMAD.VRPuzzleUITests;
				PRODUCT_NAME = "$(TARGET_NAME)";
				TEST_TARGET_NAME = VRPuzzle;
			};
			name = Release;
		};
/* End XCBuildConfiguration section */

/* Begin XCConfigurationList section */
		A6E0B15F1D5978A30035F6FB /* Build configuration list for PBXProject "VRPuzzle" */ = {
			isa = XCConfigurationList;
			buildConfigurations = (
				A6E0B18D1D5978A40035F6FB /* Debug */,
				A6E0B18E1D5978A40035F6FB /* Release */,
			);
			defaultConfigurationIsVisible = 0;
			defaultConfigurationName = Release;
		};
		A6E0B18F1D5978A40035F6FB /* Build configuration list for PBXNativeTarget "VRPuzzle" */ = {
			isa = XCConfigurationList;
			buildConfigurations = (
				A6E0B1901D5978A40035F6FB /* Debug */,
				A6E0B1911D5978A40035F6FB /* Release */,
			);
			defaultConfigurationIsVisible = 0;
		};
		A6E0B1921D5978A40035F6FB /* Build configuration list for PBXNativeTarget "VRPuzzleTests" */ = {
			isa = XCConfigurationList;
			buildConfigurations = (
				A6E0B1931D5978A40035F6FB /* Debug */,
				A6E0B1941D5978A40035F6FB /* Release */,
			);
			defaultConfigurationIsVisible = 0;
		};
		A6E0B1951D5978A40035F6FB /* Build configuration list for PBXNativeTarget "VRPuzzleUITests" */ = {
			isa = XCConfigurationList;
			buildConfigurations = (
				A6E0B1961D5978A40035F6FB /* Debug */,
				A6E0B1971D5978A40035F6FB /* Release */,
			);
			defaultConfigurationIsVisible = 0;
		};
/* End XCConfigurationList section */

/* Begin XCVersionGroup section */
		A6E0B16E1D5978A40035F6FB /* VRPuzzle.xcdatamodeld */ = {
			isa = XCVersionGroup;
			children = (
				A6E0B16F1D5978A40035F6FB /* VRPuzzle.xcdatamodel */,
			);
			currentVersion = A6E0B16F1D5978A40035F6FB /* VRPuzzle.xcdatamodel */;
			path = VRPuzzle.xcdatamodeld;
			sourceTree = "<group>";
			versionGroupType = wrapper.xcdatamodel;
		};
/* End XCVersionGroup section */
	};
	rootObject = A6E0B15C1D5978A30035F6FB /* Project object */;
}
